
Microsoft Visual Studio Solution File, Format Version 12.00
# Visual Studio Version 16
VisualStudioVersion = 16.0.29324.140
MinimumVisualStudioVersion = 10.0.40219.1
Project("{9A19103F-16F7-4668-BE54-9A1E7A4F7556}") = "testWebApplication", "testWebApplication\testWebApplication.csproj", "{AA8CA4BC-543D-4BCC-B2B7-1E010574BC97}"
EndProject
Global
	GlobalSection(SolutionConfigurationPlatforms) = preSolution
		Debug|Any CPU = Debug|Any CPU
		Release|Any CPU = Release|Any CPU
	EndGlobalSection
	GlobalSection(ProjectConfigurationPlatforms) = postSolution
		{AA8CA4BC-543D-4BCC-B2B7-1E010574BC97}.Debug|Any CPU.ActiveCfg = Debug|Any CPU
		{AA8CA4BC-543D-4BCC-B2B7-1E010574BC97}.Debug|Any CPU.Build.0 = Debug|Any CPU
		{AA8CA4BC-543D-4BCC-B2B7-1E010574BC97}.Release|Any CPU.ActiveCfg = Release|Any CPU
		{AA8CA4BC-543D-4BCC-B2B7-1E010574BC97}.Release|Any CPU.Build.0 = Release|Any CPU
	EndGlobalSection
	GlobalSection(SolutionProperties) = preSolution
		HideSolutionNode = FALSE
	EndGlobalSection
	GlobalSection(ExtensibilityGlobals) = postSolution
		SolutionGuid = {739C21D9-016C-43DF-A603-A24D64AD38F9}
	EndGlobalSection
EndGlobal
